{
    "version": 3,
    "terraform_version": "0.9.11",
    "serial": 15,
    "lineage": "f089b07a-c6ac-42c5-b5e2-d1ea67757e41",
    "modules": [
        {
            "path": [
                "root"
            ],
            "outputs": {},
            "resources": {
                "aws_instance.example": {
                    "type": "aws_instance",
                    "depends_on": [
                        "aws_security_group.instance"
                    ],
                    "primary": {
                        "id": "i-0d6829361f472e738",
                        "attributes": {
                            "ami": "ami-d265bebc",
                            "associate_public_ip_address": "true",
                            "availability_zone": "ap-northeast-2a",
                            "disable_api_termination": "false",
                            "ebs_block_device.#": "0",
                            "ebs_optimized": "false",
                            "ephemeral_block_device.#": "0",
                            "iam_instance_profile": "",
                            "id": "i-0d6829361f472e738",
                            "instance_state": "running",
                            "instance_type": "t2.micro",
                            "ipv6_addresses.#": "0",
                            "key_name": "",
                            "monitoring": "false",
                            "network_interface.#": "0",
                            "network_interface_id": "eni-59e52f06",
                            "primary_network_interface_id": "eni-59e52f06",
                            "private_dns": "ip-172-31-7-76.ap-northeast-2.compute.internal",
                            "private_ip": "172.31.7.76",
                            "public_dns": "ec2-52-78-108-105.ap-northeast-2.compute.amazonaws.com",
                            "public_ip": "52.78.108.105",
                            "root_block_device.#": "1",
                            "root_block_device.0.delete_on_termination": "true",
                            "root_block_device.0.iops": "100",
                            "root_block_device.0.volume_size": "8",
                            "root_block_device.0.volume_type": "gp2",
                            "security_groups.#": "0",
                            "source_dest_check": "true",
                            "subnet_id": "subnet-7264de1a",
                            "tags.%": "1",
                            "tags.Name": "terraform-example",
                            "tenancy": "default",
                            "user_data": "4430fd6498339061effa6d27ccf341a1e94569d7",
                            "volume_tags.%": "0",
                            "vpc_security_group_ids.#": "1",
                            "vpc_security_group_ids.534661280": "sg-091dc662"
                        },
                        "meta": {
                            "e2bfb730-ecaa-11e6-8f88-34363bc7c4c0": {
                                "create": 600000000000,
                                "delete": 600000000000,
                                "update": 600000000000
                            },
                            "schema_version": "1"
                        },
                        "tainted": false
                    },
                    "deposed": [],
                    "provider": ""
                },
                "aws_security_group.instance": {
                    "type": "aws_security_group",
                    "depends_on": [],
                    "primary": {
                        "id": "sg-091dc662",
                        "attributes": {
                            "description": "Managed by Terraform",
                            "egress.#": "0",
                            "id": "sg-091dc662",
                            "ingress.#": "1",
                            "ingress.516175195.cidr_blocks.#": "1",
                            "ingress.516175195.cidr_blocks.0": "0.0.0.0/0",
                            "ingress.516175195.from_port": "8080",
                            "ingress.516175195.ipv6_cidr_blocks.#": "0",
                            "ingress.516175195.protocol": "tcp",
                            "ingress.516175195.security_groups.#": "0",
                            "ingress.516175195.self": "false",
                            "ingress.516175195.to_port": "8080",
                            "name": "terraform-example-instance",
                            "owner_id": "074203777975",
                            "tags.%": "0",
                            "vpc_id": "vpc-754de11d"
                        },
                        "meta": {},
                        "tainted": false
                    },
                    "deposed": [],
                    "provider": ""
                },
                "data.aws_availability_zones.azs": {
                    "type": "aws_availability_zones",
                    "depends_on": [],
                    "primary": {
                        "id": "2017-11-15 08:36:03.262862179 +0000 UTC",
                        "attributes": {
                            "id": "2017-11-15 08:36:03.262862179 +0000 UTC",
                            "names.#": "2",
                            "names.0": "ap-northeast-2a",
                            "names.1": "ap-northeast-2c"
                        },
                        "meta": {},
                        "tainted": false
                    },
                    "deposed": [],
                    "provider": ""
                }
            },
            "depends_on": []
        },
        {
            "path": [
                "root",
                "gv"
            ],
            "outputs": {
                "aws_key": {
                    "sensitive": false,
                    "type": "string",
                    "value": "AKIAJBXGNN32FMKNVYZQ"
                },
                "aws_secret": {
                    "sensitive": false,
                    "type": "string",
                    "value": "y0xytu+j50TWsfj9SjHrTYx7Nkv94dx8Qe00ltQX"
                },
                "prefixes": {
                    "sensitive": false,
                    "type": "map",
                    "value": {
                        "mgmt": "10.30.0.0/16",
                        "prod": "10.31.0.0/16"
                    }
                },
                "region": {
                    "sensitive": false,
                    "type": "string",
                    "value": "ap-northeast-2"
                }
            },
            "resources": {},
            "depends_on": []
        }
    ]
}
